// !$*UTF8*$!
{
	archiveVersion = 1;
	classes = {
	};
	objectVersion = 56;
	objects = {

/* Begin PBXBuildFile section */
		538B7E602A3763900009A44F /* GetUserFeats.swift in Sources */ = {isa = PBXBuildFile; fileRef = 538B7E5F2A3763900009A44F /* GetUserFeats.swift */; };
		538B7E622A3764C00009A44F /* FeatRank.swift in Sources */ = {isa = PBXBuildFile; fileRef = 538B7E612A3764C00009A44F /* FeatRank.swift */; };
		5C250B422A34E3DF00EA63C1 /* Extensions.swift in Sources */ = {isa = PBXBuildFile; fileRef = 5C250B412A34E3DF00EA63C1 /* Extensions.swift */; };
		5C4D74312A35A7A100591641 /* AddDisqualificationView.swift in Sources */ = {isa = PBXBuildFile; fileRef = 5C4D74302A35A7A100591641 /* AddDisqualificationView.swift */; };
		5C4D74342A35A7E700591641 /* BloodCentersListView.swift in Sources */ = {isa = PBXBuildFile; fileRef = 5C4D74332A35A7E700591641 /* BloodCentersListView.swift */; };
		5C4D74362A35A84400591641 /* BloodCentersDetailView.swift in Sources */ = {isa = PBXBuildFile; fileRef = 5C4D74352A35A84400591641 /* BloodCentersDetailView.swift */; };
		5C4D74382A35A88200591641 /* BloodCentersViewModel.swift in Sources */ = {isa = PBXBuildFile; fileRef = 5C4D74372A35A88200591641 /* BloodCentersViewModel.swift */; };
		5C4D743C2A35A90E00591641 /* BloodCenterMapView.swift in Sources */ = {isa = PBXBuildFile; fileRef = 5C4D743B2A35A90E00591641 /* BloodCenterMapView.swift */; };
		5C4D743F2A35A99100591641 /* ProfileView.swift in Sources */ = {isa = PBXBuildFile; fileRef = 5C4D743E2A35A99100591641 /* ProfileView.swift */; };
		5C4D74422A35A9E200591641 /* DonationListView.swift in Sources */ = {isa = PBXBuildFile; fileRef = 5C4D74412A35A9E200591641 /* DonationListView.swift */; };
		5C4D74442A35A9F700591641 /* DonationView.swift in Sources */ = {isa = PBXBuildFile; fileRef = 5C4D74432A35A9F700591641 /* DonationView.swift */; };
		5C4D74472A35AC1C00591641 /* HomeView.swift in Sources */ = {isa = PBXBuildFile; fileRef = 5C4D74462A35AC1C00591641 /* HomeView.swift */; };
		5CA706BA2A34F6F000C319A7 /* MainView.swift in Sources */ = {isa = PBXBuildFile; fileRef = 5CA706B92A34F6F000C319A7 /* MainView.swift */; };
		5CA706BD2A35A29600C319A7 /* AddDonationView.swift in Sources */ = {isa = PBXBuildFile; fileRef = 5CA706BC2A35A29600C319A7 /* AddDonationView.swift */; };
		5CA706BF2A35A2BB00C319A7 /* DetailDonationView.swift in Sources */ = {isa = PBXBuildFile; fileRef = 5CA706BE2A35A2BB00C319A7 /* DetailDonationView.swift */; };
		5CCD7FEA2A34D2A700CCE8D5 /* BloodDonorApp.swift in Sources */ = {isa = PBXBuildFile; fileRef = 5CCD7FE92A34D2A700CCE8D5 /* BloodDonorApp.swift */; };
		5CCD7FEC2A34D2A700CCE8D5 /* ContentView.swift in Sources */ = {isa = PBXBuildFile; fileRef = 5CCD7FEB2A34D2A700CCE8D5 /* ContentView.swift */; };
		5CCD7FEE2A34D2A700CCE8D5 /* Assets.xcassets in Resources */ = {isa = PBXBuildFile; fileRef = 5CCD7FED2A34D2A700CCE8D5 /* Assets.xcassets */; };
		5CCD7FF12A34D2A700CCE8D5 /* Preview Assets.xcassets in Resources */ = {isa = PBXBuildFile; fileRef = 5CCD7FF02A34D2A700CCE8D5 /* Preview Assets.xcassets */; };
		5CCD7FFF2A34D31500CCE8D5 /* Endpoint.swift in Sources */ = {isa = PBXBuildFile; fileRef = 5CCD7FFE2A34D31500CCE8D5 /* Endpoint.swift */; };
		5CCD80012A34D3A200CCE8D5 /* Result.swift in Sources */ = {isa = PBXBuildFile; fileRef = 5CCD80002A34D3A200CCE8D5 /* Result.swift */; };
		5CCD80032A34DA7400CCE8D5 /* User.swift in Sources */ = {isa = PBXBuildFile; fileRef = 5CCD80022A34DA7400CCE8D5 /* User.swift */; };
		5CCD80052A34DAC200CCE8D5 /* TokenInfo.swift in Sources */ = {isa = PBXBuildFile; fileRef = 5CCD80042A34DAC200CCE8D5 /* TokenInfo.swift */; };
		5CCD80072A34DC2800CCE8D5 /* Authentication.swift in Sources */ = {isa = PBXBuildFile; fileRef = 5CCD80062A34DC2800CCE8D5 /* Authentication.swift */; };
		5CCD80092A34DCC600CCE8D5 /* ErrorResponse.swift in Sources */ = {isa = PBXBuildFile; fileRef = 5CCD80082A34DCC600CCE8D5 /* ErrorResponse.swift */; };
		5CCD800B2A34DCE500CCE8D5 /* Errors.swift in Sources */ = {isa = PBXBuildFile; fileRef = 5CCD800A2A34DCE500CCE8D5 /* Errors.swift */; };
		5CCD800D2A34DD6500CCE8D5 /* TokensInfo.swift in Sources */ = {isa = PBXBuildFile; fileRef = 5CCD800C2A34DD6500CCE8D5 /* TokensInfo.swift */; };
		5CCD800F2A34DDBA00CCE8D5 /* UserDefaults.swift in Sources */ = {isa = PBXBuildFile; fileRef = 5CCD800E2A34DDBA00CCE8D5 /* UserDefaults.swift */; };
		5CCD80112A34E17A00CCE8D5 /* Requester.swift in Sources */ = {isa = PBXBuildFile; fileRef = 5CCD80102A34E17A00CCE8D5 /* Requester.swift */; };
		5CD5ECEF2A34E4CB0012671F /* MainViewModel.swift in Sources */ = {isa = PBXBuildFile; fileRef = 5CD5ECEE2A34E4CB0012671F /* MainViewModel.swift */; };
		5CD5ECF22A34E5130012671F /* IdentifiableAlert.swift in Sources */ = {isa = PBXBuildFile; fileRef = 5CD5ECF12A34E5130012671F /* IdentifiableAlert.swift */; };
		5CD5ECF42A34E5270012671F /* LoginVIew.swift in Sources */ = {isa = PBXBuildFile; fileRef = 5CD5ECF32A34E5270012671F /* LoginVIew.swift */; };
		5CD5ECF62A34E5310012671F /* RegisterView.swift in Sources */ = {isa = PBXBuildFile; fileRef = 5CD5ECF52A34E5310012671F /* RegisterView.swift */; };
		5CD5ECF82A34E6A80012671F /* LoadingState.swift in Sources */ = {isa = PBXBuildFile; fileRef = 5CD5ECF72A34E6A80012671F /* LoadingState.swift */; };
		5CF22D492A35AE2100A7BD85 /* ProfileViewModel.swift in Sources */ = {isa = PBXBuildFile; fileRef = 5CF22D482A35AE2100A7BD85 /* ProfileViewModel.swift */; };
		5CF22D4B2A35AE2C00A7BD85 /* DonationViewModel.swift in Sources */ = {isa = PBXBuildFile; fileRef = 5CF22D4A2A35AE2C00A7BD85 /* DonationViewModel.swift */; };
		5CF22D4D2A35AE3700A7BD85 /* DonationListViewModel.swift in Sources */ = {isa = PBXBuildFile; fileRef = 5CF22D4C2A35AE3700A7BD85 /* DonationListViewModel.swift */; };
		5CF22D4F2A35C2E500A7BD85 /* HomeViewModel.swift in Sources */ = {isa = PBXBuildFile; fileRef = 5CF22D4E2A35C2E500A7BD85 /* HomeViewModel.swift */; };
		5CF22D512A35DBD100A7BD85 /* BloodCenters.swift in Sources */ = {isa = PBXBuildFile; fileRef = 5CF22D502A35DBD100A7BD85 /* BloodCenters.swift */; };
		5CF610F62A3733F6000E39A3 /* AddDonation.swift in Sources */ = {isa = PBXBuildFile; fileRef = 5CF610F52A3733F6000E39A3 /* AddDonation.swift */; };
		5CF610F92A37385F000E39A3 /* JWTDecode in Frameworks */ = {isa = PBXBuildFile; productRef = 5CF610F82A37385F000E39A3 /* JWTDecode */; };
		5CF610FD2A375501000E39A3 /* JWTDecoder.swift in Sources */ = {isa = PBXBuildFile; fileRef = 5CF610FC2A375501000E39A3 /* JWTDecoder.swift */; };
/* End PBXBuildFile section */

/* Begin PBXFileReference section */
		538B7E5F2A3763900009A44F /* GetUserFeats.swift */ = {isa = PBXFileReference; lastKnownFileType = sourcecode.swift; path = GetUserFeats.swift; sourceTree = "<group>"; };
		538B7E612A3764C00009A44F /* FeatRank.swift */ = {isa = PBXFileReference; lastKnownFileType = sourcecode.swift; path = FeatRank.swift; sourceTree = "<group>"; };
		5C250B412A34E3DF00EA63C1 /* Extensions.swift */ = {isa = PBXFileReference; lastKnownFileType = sourcecode.swift; path = Extensions.swift; sourceTree = "<group>"; };
		5C4D74302A35A7A100591641 /* AddDisqualificationView.swift */ = {isa = PBXFileReference; lastKnownFileType = sourcecode.swift; path = AddDisqualificationView.swift; sourceTree = "<group>"; };
		5C4D74332A35A7E700591641 /* BloodCentersListView.swift */ = {isa = PBXFileReference; lastKnownFileType = sourcecode.swift; path = BloodCentersListView.swift; sourceTree = "<group>"; };
		5C4D74352A35A84400591641 /* BloodCentersDetailView.swift */ = {isa = PBXFileReference; lastKnownFileType = sourcecode.swift; path = BloodCentersDetailView.swift; sourceTree = "<group>"; };
		5C4D74372A35A88200591641 /* BloodCentersViewModel.swift */ = {isa = PBXFileReference; lastKnownFileType = sourcecode.swift; path = BloodCentersViewModel.swift; sourceTree = "<group>"; };
		5C4D743B2A35A90E00591641 /* BloodCenterMapView.swift */ = {isa = PBXFileReference; lastKnownFileType = sourcecode.swift; path = BloodCenterMapView.swift; sourceTree = "<group>"; };
		5C4D743E2A35A99100591641 /* ProfileView.swift */ = {isa = PBXFileReference; lastKnownFileType = sourcecode.swift; path = ProfileView.swift; sourceTree = "<group>"; };
		5C4D74412A35A9E200591641 /* DonationListView.swift */ = {isa = PBXFileReference; lastKnownFileType = sourcecode.swift; path = DonationListView.swift; sourceTree = "<group>"; };
		5C4D74432A35A9F700591641 /* DonationView.swift */ = {isa = PBXFileReference; lastKnownFileType = sourcecode.swift; path = DonationView.swift; sourceTree = "<group>"; };
		5C4D74462A35AC1C00591641 /* HomeView.swift */ = {isa = PBXFileReference; lastKnownFileType = sourcecode.swift; path = HomeView.swift; sourceTree = "<group>"; };
		5CA706B92A34F6F000C319A7 /* MainView.swift */ = {isa = PBXFileReference; lastKnownFileType = sourcecode.swift; path = MainView.swift; sourceTree = "<group>"; };
		5CA706BC2A35A29600C319A7 /* AddDonationView.swift */ = {isa = PBXFileReference; lastKnownFileType = sourcecode.swift; path = AddDonationView.swift; sourceTree = "<group>"; };
		5CA706BE2A35A2BB00C319A7 /* DetailDonationView.swift */ = {isa = PBXFileReference; lastKnownFileType = sourcecode.swift; path = DetailDonationView.swift; sourceTree = "<group>"; };
		5CCD7FE62A34D2A700CCE8D5 /* BloodDonor.app */ = {isa = PBXFileReference; explicitFileType = wrapper.application; includeInIndex = 0; path = BloodDonor.app; sourceTree = BUILT_PRODUCTS_DIR; };
		5CCD7FE92A34D2A700CCE8D5 /* BloodDonorApp.swift */ = {isa = PBXFileReference; lastKnownFileType = sourcecode.swift; path = BloodDonorApp.swift; sourceTree = "<group>"; };
		5CCD7FEB2A34D2A700CCE8D5 /* ContentView.swift */ = {isa = PBXFileReference; lastKnownFileType = sourcecode.swift; path = ContentView.swift; sourceTree = "<group>"; };
		5CCD7FED2A34D2A700CCE8D5 /* Assets.xcassets */ = {isa = PBXFileReference; lastKnownFileType = folder.assetcatalog; path = Assets.xcassets; sourceTree = "<group>"; };
		5CCD7FF02A34D2A700CCE8D5 /* Preview Assets.xcassets */ = {isa = PBXFileReference; lastKnownFileType = folder.assetcatalog; path = "Preview Assets.xcassets"; sourceTree = "<group>"; };
		5CCD7FFE2A34D31500CCE8D5 /* Endpoint.swift */ = {isa = PBXFileReference; lastKnownFileType = sourcecode.swift; path = Endpoint.swift; sourceTree = "<group>"; };
		5CCD80002A34D3A200CCE8D5 /* Result.swift */ = {isa = PBXFileReference; lastKnownFileType = sourcecode.swift; path = Result.swift; sourceTree = "<group>"; };
		5CCD80022A34DA7400CCE8D5 /* User.swift */ = {isa = PBXFileReference; lastKnownFileType = sourcecode.swift; path = User.swift; sourceTree = "<group>"; };
		5CCD80042A34DAC200CCE8D5 /* TokenInfo.swift */ = {isa = PBXFileReference; lastKnownFileType = sourcecode.swift; path = TokenInfo.swift; sourceTree = "<group>"; };
		5CCD80062A34DC2800CCE8D5 /* Authentication.swift */ = {isa = PBXFileReference; lastKnownFileType = sourcecode.swift; path = Authentication.swift; sourceTree = "<group>"; };
		5CCD80082A34DCC600CCE8D5 /* ErrorResponse.swift */ = {isa = PBXFileReference; lastKnownFileType = sourcecode.swift; path = ErrorResponse.swift; sourceTree = "<group>"; };
		5CCD800A2A34DCE500CCE8D5 /* Errors.swift */ = {isa = PBXFileReference; lastKnownFileType = sourcecode.swift; path = Errors.swift; sourceTree = "<group>"; };
		5CCD800C2A34DD6500CCE8D5 /* TokensInfo.swift */ = {isa = PBXFileReference; lastKnownFileType = sourcecode.swift; path = TokensInfo.swift; sourceTree = "<group>"; };
		5CCD800E2A34DDBA00CCE8D5 /* UserDefaults.swift */ = {isa = PBXFileReference; lastKnownFileType = sourcecode.swift; path = UserDefaults.swift; sourceTree = "<group>"; };
		5CCD80102A34E17A00CCE8D5 /* Requester.swift */ = {isa = PBXFileReference; lastKnownFileType = sourcecode.swift; path = Requester.swift; sourceTree = "<group>"; };
		5CD5ECEE2A34E4CB0012671F /* MainViewModel.swift */ = {isa = PBXFileReference; lastKnownFileType = sourcecode.swift; path = MainViewModel.swift; sourceTree = "<group>"; };
		5CD5ECF12A34E5130012671F /* IdentifiableAlert.swift */ = {isa = PBXFileReference; lastKnownFileType = sourcecode.swift; path = IdentifiableAlert.swift; sourceTree = "<group>"; };
		5CD5ECF32A34E5270012671F /* LoginVIew.swift */ = {isa = PBXFileReference; lastKnownFileType = sourcecode.swift; path = LoginVIew.swift; sourceTree = "<group>"; };
		5CD5ECF52A34E5310012671F /* RegisterView.swift */ = {isa = PBXFileReference; lastKnownFileType = sourcecode.swift; path = RegisterView.swift; sourceTree = "<group>"; };
		5CD5ECF72A34E6A80012671F /* LoadingState.swift */ = {isa = PBXFileReference; lastKnownFileType = sourcecode.swift; path = LoadingState.swift; sourceTree = "<group>"; };
		5CF22D482A35AE2100A7BD85 /* ProfileViewModel.swift */ = {isa = PBXFileReference; lastKnownFileType = sourcecode.swift; path = ProfileViewModel.swift; sourceTree = "<group>"; };
		5CF22D4A2A35AE2C00A7BD85 /* DonationViewModel.swift */ = {isa = PBXFileReference; lastKnownFileType = sourcecode.swift; path = DonationViewModel.swift; sourceTree = "<group>"; };
		5CF22D4C2A35AE3700A7BD85 /* DonationListViewModel.swift */ = {isa = PBXFileReference; lastKnownFileType = sourcecode.swift; path = DonationListViewModel.swift; sourceTree = "<group>"; };
		5CF22D4E2A35C2E500A7BD85 /* HomeViewModel.swift */ = {isa = PBXFileReference; lastKnownFileType = sourcecode.swift; path = HomeViewModel.swift; sourceTree = "<group>"; };
		5CF22D502A35DBD100A7BD85 /* BloodCenters.swift */ = {isa = PBXFileReference; lastKnownFileType = sourcecode.swift; path = BloodCenters.swift; sourceTree = "<group>"; };
		5CF610F52A3733F6000E39A3 /* AddDonation.swift */ = {isa = PBXFileReference; lastKnownFileType = sourcecode.swift; path = AddDonation.swift; sourceTree = "<group>"; };
		5CF610FC2A375501000E39A3 /* JWTDecoder.swift */ = {isa = PBXFileReference; lastKnownFileType = sourcecode.swift; path = JWTDecoder.swift; sourceTree = "<group>"; };
/* End PBXFileReference section */

/* Begin PBXFrameworksBuildPhase section */
		5CCD7FE32A34D2A700CCE8D5 /* Frameworks */ = {
			isa = PBXFrameworksBuildPhase;
			buildActionMask = 2147483647;
			files = (
				5CF610F92A37385F000E39A3 /* JWTDecode in Frameworks */,
			);
			runOnlyForDeploymentPostprocessing = 0;
		};
/* End PBXFrameworksBuildPhase section */

/* Begin PBXGroup section */
		538B7E5E2A37637B0009A44F /* Feat */ = {
			isa = PBXGroup;
			children = (
				538B7E5F2A3763900009A44F /* GetUserFeats.swift */,
				538B7E612A3764C00009A44F /* FeatRank.swift */,
			);
			path = Feat;
			sourceTree = "<group>";
		};
		5C4D74322A35A7D200591641 /* BloodCenters */ = {
			isa = PBXGroup;
			children = (
				5C4D74332A35A7E700591641 /* BloodCentersListView.swift */,
				5C4D74352A35A84400591641 /* BloodCentersDetailView.swift */,
				5C4D743B2A35A90E00591641 /* BloodCenterMapView.swift */,
			);
			path = BloodCenters;
			sourceTree = "<group>";
		};
		5C4D74392A35A8BE00591641 /* BloodCenters */ = {
			isa = PBXGroup;
			children = (
				5CF22D502A35DBD100A7BD85 /* BloodCenters.swift */,
			);
			path = BloodCenters;
			sourceTree = "<group>";
		};
		5C4D743A2A35A8C800591641 /* Auth */ = {
			isa = PBXGroup;
			children = (
				5CCD80022A34DA7400CCE8D5 /* User.swift */,
				5CCD80042A34DAC200CCE8D5 /* TokenInfo.swift */,
				5CCD80062A34DC2800CCE8D5 /* Authentication.swift */,
				5CCD80082A34DCC600CCE8D5 /* ErrorResponse.swift */,
				5CCD800C2A34DD6500CCE8D5 /* TokensInfo.swift */,
			);
			path = Auth;
			sourceTree = "<group>";
		};
		5C4D743D2A35A95400591641 /* Profile */ = {
			isa = PBXGroup;
			children = (
				5C4D743E2A35A99100591641 /* ProfileView.swift */,
			);
			path = Profile;
			sourceTree = "<group>";
		};
		5C4D74402A35A9CF00591641 /* DonationList */ = {
			isa = PBXGroup;
			children = (
				5C4D74412A35A9E200591641 /* DonationListView.swift */,
			);
			path = DonationList;
			sourceTree = "<group>";
		};
		5C4D74452A35ABFC00591641 /* Home */ = {
			isa = PBXGroup;
			children = (
				5C4D74462A35AC1C00591641 /* HomeView.swift */,
			);
			path = Home;
			sourceTree = "<group>";
		};
		5CA706B72A34F6CB00C319A7 /* Auth */ = {
			isa = PBXGroup;
			children = (
				5CD5ECF32A34E5270012671F /* LoginVIew.swift */,
				5CD5ECF52A34E5310012671F /* RegisterView.swift */,
			);
			path = Auth;
			sourceTree = "<group>";
		};
		5CA706B82A34F6E200C319A7 /* Main */ = {
			isa = PBXGroup;
			children = (
				5CA706B92A34F6F000C319A7 /* MainView.swift */,
			);
			path = Main;
			sourceTree = "<group>";
		};
		5CA706BB2A35A27700C319A7 /* Donation */ = {
			isa = PBXGroup;
			children = (
				5CA706BC2A35A29600C319A7 /* AddDonationView.swift */,
				5CA706BE2A35A2BB00C319A7 /* DetailDonationView.swift */,
				5C4D74302A35A7A100591641 /* AddDisqualificationView.swift */,
				5C4D74432A35A9F700591641 /* DonationView.swift */,
			);
			path = Donation;
			sourceTree = "<group>";
		};
		5CCD7FDD2A34D2A600CCE8D5 = {
			isa = PBXGroup;
			children = (
				5CCD7FE82A34D2A700CCE8D5 /* BloodDonor */,
				5CCD7FE72A34D2A700CCE8D5 /* Products */,
			);
			sourceTree = "<group>";
		};
		5CCD7FE72A34D2A700CCE8D5 /* Products */ = {
			isa = PBXGroup;
			children = (
				5CCD7FE62A34D2A700CCE8D5 /* BloodDonor.app */,
			);
			name = Products;
			sourceTree = "<group>";
		};
		5CCD7FE82A34D2A700CCE8D5 /* BloodDonor */ = {
			isa = PBXGroup;
			children = (
				5CCD7FFC2A34D2D900CCE8D5 /* Utils */,
				5CCD7FFD2A34D2EE00CCE8D5 /* Networking */,
				5CCD7FF72A34D2B300CCE8D5 /* Model */,
				5CCD7FFB2A34D2D200CCE8D5 /* View */,
				5CCD7FF82A34D2B900CCE8D5 /* ViewModel */,
				5CCD7FE92A34D2A700CCE8D5 /* BloodDonorApp.swift */,
				5CCD7FEB2A34D2A700CCE8D5 /* ContentView.swift */,
				5CCD7FED2A34D2A700CCE8D5 /* Assets.xcassets */,
				5CCD7FEF2A34D2A700CCE8D5 /* Preview Content */,
			);
			path = BloodDonor;
			sourceTree = "<group>";
		};
		5CCD7FEF2A34D2A700CCE8D5 /* Preview Content */ = {
			isa = PBXGroup;
			children = (
				5CCD7FF02A34D2A700CCE8D5 /* Preview Assets.xcassets */,
			);
			path = "Preview Content";
			sourceTree = "<group>";
		};
		5CCD7FF72A34D2B300CCE8D5 /* Model */ = {
			isa = PBXGroup;
			children = (
				538B7E5E2A37637B0009A44F /* Feat */,
				5CF610F42A373398000E39A3 /* Donation */,
				5C4D743A2A35A8C800591641 /* Auth */,
				5C4D74392A35A8BE00591641 /* BloodCenters */,
			);
			path = Model;
			sourceTree = "<group>";
		};
		5CCD7FF82A34D2B900CCE8D5 /* ViewModel */ = {
			isa = PBXGroup;
			children = (
				5CD5ECEE2A34E4CB0012671F /* MainViewModel.swift */,
				5C4D74372A35A88200591641 /* BloodCentersViewModel.swift */,
				5CF22D482A35AE2100A7BD85 /* ProfileViewModel.swift */,
				5CF22D4A2A35AE2C00A7BD85 /* DonationViewModel.swift */,
				5CF22D4C2A35AE3700A7BD85 /* DonationListViewModel.swift */,
				5CF22D4E2A35C2E500A7BD85 /* HomeViewModel.swift */,
			);
			path = ViewModel;
			sourceTree = "<group>";
		};
		5CCD7FFB2A34D2D200CCE8D5 /* View */ = {
			isa = PBXGroup;
			children = (
				5C4D74452A35ABFC00591641 /* Home */,
				5C4D74402A35A9CF00591641 /* DonationList */,
				5C4D743D2A35A95400591641 /* Profile */,
				5C4D74322A35A7D200591641 /* BloodCenters */,
				5CA706BB2A35A27700C319A7 /* Donation */,
				5CA706B82A34F6E200C319A7 /* Main */,
				5CA706B72A34F6CB00C319A7 /* Auth */,
				5CD5ECF02A34E4FD0012671F /* Components */,
			);
			path = View;
			sourceTree = "<group>";
		};
		5CCD7FFC2A34D2D900CCE8D5 /* Utils */ = {
			isa = PBXGroup;
			children = (
				5CCD800A2A34DCE500CCE8D5 /* Errors.swift */,
				5CCD800E2A34DDBA00CCE8D5 /* UserDefaults.swift */,
				5C250B412A34E3DF00EA63C1 /* Extensions.swift */,
				5CF610FC2A375501000E39A3 /* JWTDecoder.swift */,
			);
			path = Utils;
			sourceTree = "<group>";
		};
		5CCD7FFD2A34D2EE00CCE8D5 /* Networking */ = {
			isa = PBXGroup;
			children = (
				5CCD7FFE2A34D31500CCE8D5 /* Endpoint.swift */,
				5CCD80002A34D3A200CCE8D5 /* Result.swift */,
				5CCD80102A34E17A00CCE8D5 /* Requester.swift */,
				5CD5ECF72A34E6A80012671F /* LoadingState.swift */,
			);
			path = Networking;
			sourceTree = "<group>";
		};
		5CD5ECF02A34E4FD0012671F /* Components */ = {
			isa = PBXGroup;
			children = (
				5CD5ECF12A34E5130012671F /* IdentifiableAlert.swift */,
			);
			path = Components;
			sourceTree = "<group>";
		};
		5CF610F42A373398000E39A3 /* Donation */ = {
			isa = PBXGroup;
			children = (
				5CF610F52A3733F6000E39A3 /* AddDonation.swift */,
			);
			path = Donation;
			sourceTree = "<group>";
		};
/* End PBXGroup section */

/* Begin PBXNativeTarget section */
		5CCD7FE52A34D2A700CCE8D5 /* BloodDonor */ = {
			isa = PBXNativeTarget;
			buildConfigurationList = 5CCD7FF42A34D2A700CCE8D5 /* Build configuration list for PBXNativeTarget "BloodDonor" */;
			buildPhases = (
				5CCD7FE22A34D2A700CCE8D5 /* Sources */,
				5CCD7FE32A34D2A700CCE8D5 /* Frameworks */,
				5CCD7FE42A34D2A700CCE8D5 /* Resources */,
			);
			buildRules = (
			);
			dependencies = (
			);
			name = BloodDonor;
			packageProductDependencies = (
				5CF610F82A37385F000E39A3 /* JWTDecode */,
			);
			productName = BloodDonor;
			productReference = 5CCD7FE62A34D2A700CCE8D5 /* BloodDonor.app */;
			productType = "com.apple.product-type.application";
		};
/* End PBXNativeTarget section */

/* Begin PBXProject section */
		5CCD7FDE2A34D2A600CCE8D5 /* Project object */ = {
			isa = PBXProject;
			attributes = {
				BuildIndependentTargetsInParallel = 1;
				LastSwiftUpdateCheck = 1430;
				LastUpgradeCheck = 1430;
				TargetAttributes = {
					5CCD7FE52A34D2A700CCE8D5 = {
						CreatedOnToolsVersion = 14.3.1;
					};
				};
			};
			buildConfigurationList = 5CCD7FE12A34D2A600CCE8D5 /* Build configuration list for PBXProject "BloodDonor" */;
			compatibilityVersion = "Xcode 14.0";
			developmentRegion = en;
			hasScannedForEncodings = 0;
			knownRegions = (
				en,
				Base,
			);
			mainGroup = 5CCD7FDD2A34D2A600CCE8D5;
			packageReferences = (
				5CF610F72A37385F000E39A3 /* XCRemoteSwiftPackageReference "JWTDecode" */,
			);
			productRefGroup = 5CCD7FE72A34D2A700CCE8D5 /* Products */;
			projectDirPath = "";
			projectRoot = "";
			targets = (
				5CCD7FE52A34D2A700CCE8D5 /* BloodDonor */,
			);
		};
/* End PBXProject section */

/* Begin PBXResourcesBuildPhase section */
		5CCD7FE42A34D2A700CCE8D5 /* Resources */ = {
			isa = PBXResourcesBuildPhase;
			buildActionMask = 2147483647;
			files = (
				5CCD7FF12A34D2A700CCE8D5 /* Preview Assets.xcassets in Resources */,
				5CCD7FEE2A34D2A700CCE8D5 /* Assets.xcassets in Resources */,
			);
			runOnlyForDeploymentPostprocessing = 0;
		};
/* End PBXResourcesBuildPhase section */

/* Begin PBXSourcesBuildPhase section */
		5CCD7FE22A34D2A700CCE8D5 /* Sources */ = {
			isa = PBXSourcesBuildPhase;
			buildActionMask = 2147483647;
			files = (
				5CF22D512A35DBD100A7BD85 /* BloodCenters.swift in Sources */,
				5CCD7FEC2A34D2A700CCE8D5 /* ContentView.swift in Sources */,
				5C4D743F2A35A99100591641 /* ProfileView.swift in Sources */,
				5C4D74362A35A84400591641 /* BloodCentersDetailView.swift in Sources */,
				5C4D74472A35AC1C00591641 /* HomeView.swift in Sources */,
				5CD5ECF22A34E5130012671F /* IdentifiableAlert.swift in Sources */,
				5CCD7FFF2A34D31500CCE8D5 /* Endpoint.swift in Sources */,
				5CCD80112A34E17A00CCE8D5 /* Requester.swift in Sources */,
				5CA706BD2A35A29600C319A7 /* AddDonationView.swift in Sources */,
				5C4D74312A35A7A100591641 /* AddDisqualificationView.swift in Sources */,
				5C4D743C2A35A90E00591641 /* BloodCenterMapView.swift in Sources */,
				5C4D74342A35A7E700591641 /* BloodCentersListView.swift in Sources */,
				5C4D74382A35A88200591641 /* BloodCentersViewModel.swift in Sources */,
				5CF22D492A35AE2100A7BD85 /* ProfileViewModel.swift in Sources */,
				5CCD80012A34D3A200CCE8D5 /* Result.swift in Sources */,
				5CCD800F2A34DDBA00CCE8D5 /* UserDefaults.swift in Sources */,
				5CA706BF2A35A2BB00C319A7 /* DetailDonationView.swift in Sources */,
				5CF22D4D2A35AE3700A7BD85 /* DonationListViewModel.swift in Sources */,
				5CF22D4F2A35C2E500A7BD85 /* HomeViewModel.swift in Sources */,
				5CD5ECF82A34E6A80012671F /* LoadingState.swift in Sources */,
				5CCD800D2A34DD6500CCE8D5 /* TokensInfo.swift in Sources */,
				5CCD80032A34DA7400CCE8D5 /* User.swift in Sources */,
				5C4D74442A35A9F700591641 /* DonationView.swift in Sources */,
				5CD5ECF62A34E5310012671F /* RegisterView.swift in Sources */,
				5CD5ECEF2A34E4CB0012671F /* MainViewModel.swift in Sources */,
				5CF610F62A3733F6000E39A3 /* AddDonation.swift in Sources */,
				5CCD7FEA2A34D2A700CCE8D5 /* BloodDonorApp.swift in Sources */,
				5C4D74422A35A9E200591641 /* DonationListView.swift in Sources */,
				5C250B422A34E3DF00EA63C1 /* Extensions.swift in Sources */,
				538B7E602A3763900009A44F /* GetUserFeats.swift in Sources */,
				5CCD80072A34DC2800CCE8D5 /* Authentication.swift in Sources */,
				5CF22D4B2A35AE2C00A7BD85 /* DonationViewModel.swift in Sources */,
				5CCD80052A34DAC200CCE8D5 /* TokenInfo.swift in Sources */,
				538B7E622A3764C00009A44F /* FeatRank.swift in Sources */,
				5CCD800B2A34DCE500CCE8D5 /* Errors.swift in Sources */,
				5CD5ECF42A34E5270012671F /* LoginVIew.swift in Sources */,
				5CCD80092A34DCC600CCE8D5 /* ErrorResponse.swift in Sources */,
				5CF610FD2A375501000E39A3 /* JWTDecoder.swift in Sources */,
				5CA706BA2A34F6F000C319A7 /* MainView.swift in Sources */,
			);
			runOnlyForDeploymentPostprocessing = 0;
		};
/* End PBXSourcesBuildPhase section */

/* Begin XCBuildConfiguration section */
		5CCD7FF22A34D2A700CCE8D5 /* Debug */ = {
			isa = XCBuildConfiguration;
			buildSettings = {
				ALWAYS_SEARCH_USER_PATHS = NO;
				CLANG_ANALYZER_NONNULL = YES;
				CLANG_ANALYZER_NUMBER_OBJECT_CONVERSION = YES_AGGRESSIVE;
				CLANG_CXX_LANGUAGE_STANDARD = "gnu++20";
				CLANG_ENABLE_MODULES = YES;
				CLANG_ENABLE_OBJC_ARC = YES;
				CLANG_ENABLE_OBJC_WEAK = YES;
				CLANG_WARN_BLOCK_CAPTURE_AUTORELEASING = YES;
				CLANG_WARN_BOOL_CONVERSION = YES;
				CLANG_WARN_COMMA = YES;
				CLANG_WARN_CONSTANT_CONVERSION = YES;
				CLANG_WARN_DEPRECATED_OBJC_IMPLEMENTATIONS = YES;
				CLANG_WARN_DIRECT_OBJC_ISA_USAGE = YES_ERROR;
				CLANG_WARN_DOCUMENTATION_COMMENTS = YES;
				CLANG_WARN_EMPTY_BODY = YES;
				CLANG_WARN_ENUM_CONVERSION = YES;
				CLANG_WARN_INFINITE_RECURSION = YES;
				CLANG_WARN_INT_CONVERSION = YES;
				CLANG_WARN_NON_LITERAL_NULL_CONVERSION = YES;
				CLANG_WARN_OBJC_IMPLICIT_RETAIN_SELF = YES;
				CLANG_WARN_OBJC_LITERAL_CONVERSION = YES;
				CLANG_WARN_OBJC_ROOT_CLASS = YES_ERROR;
				CLANG_WARN_QUOTED_INCLUDE_IN_FRAMEWORK_HEADER = YES;
				CLANG_WARN_RANGE_LOOP_ANALYSIS = YES;
				CLANG_WARN_STRICT_PROTOTYPES = YES;
				CLANG_WARN_SUSPICIOUS_MOVE = YES;
				CLANG_WARN_UNGUARDED_AVAILABILITY = YES_AGGRESSIVE;
				CLANG_WARN_UNREACHABLE_CODE = YES;
				CLANG_WARN__DUPLICATE_METHOD_MATCH = YES;
				COPY_PHASE_STRIP = NO;
				DEBUG_INFORMATION_FORMAT = dwarf;
				ENABLE_STRICT_OBJC_MSGSEND = YES;
				ENABLE_TESTABILITY = YES;
				GCC_C_LANGUAGE_STANDARD = gnu11;
				GCC_DYNAMIC_NO_PIC = NO;
				GCC_NO_COMMON_BLOCKS = YES;
				GCC_OPTIMIZATION_LEVEL = 0;
				GCC_PREPROCESSOR_DEFINITIONS = (
					"DEBUG=1",
					"$(inherited)",
				);
				GCC_WARN_64_TO_32_BIT_CONVERSION = YES;
				GCC_WARN_ABOUT_RETURN_TYPE = YES_ERROR;
				GCC_WARN_UNDECLARED_SELECTOR = YES;
				GCC_WARN_UNINITIALIZED_AUTOS = YES_AGGRESSIVE;
				GCC_WARN_UNUSED_FUNCTION = YES;
				GCC_WARN_UNUSED_VARIABLE = YES;
				IPHONEOS_DEPLOYMENT_TARGET = 16.4;
				MTL_ENABLE_DEBUG_INFO = INCLUDE_SOURCE;
				MTL_FAST_MATH = YES;
				ONLY_ACTIVE_ARCH = YES;
				SDKROOT = iphoneos;
				SWIFT_ACTIVE_COMPILATION_CONDITIONS = DEBUG;
				SWIFT_OPTIMIZATION_LEVEL = "-Onone";
			};
			name = Debug;
		};
		5CCD7FF32A34D2A700CCE8D5 /* Release */ = {
			isa = XCBuildConfiguration;
			buildSettings = {
				ALWAYS_SEARCH_USER_PATHS = NO;
				CLANG_ANALYZER_NONNULL = YES;
				CLANG_ANALYZER_NUMBER_OBJECT_CONVERSION = YES_AGGRESSIVE;
				CLANG_CXX_LANGUAGE_STANDARD = "gnu++20";
				CLANG_ENABLE_MODULES = YES;
				CLANG_ENABLE_OBJC_ARC = YES;
				CLANG_ENABLE_OBJC_WEAK = YES;
				CLANG_WARN_BLOCK_CAPTURE_AUTORELEASING = YES;
				CLANG_WARN_BOOL_CONVERSION = YES;
				CLANG_WARN_COMMA = YES;
				CLANG_WARN_CONSTANT_CONVERSION = YES;
				CLANG_WARN_DEPRECATED_OBJC_IMPLEMENTATIONS = YES;
				CLANG_WARN_DIRECT_OBJC_ISA_USAGE = YES_ERROR;
				CLANG_WARN_DOCUMENTATION_COMMENTS = YES;
				CLANG_WARN_EMPTY_BODY = YES;
				CLANG_WARN_ENUM_CONVERSION = YES;
				CLANG_WARN_INFINITE_RECURSION = YES;
				CLANG_WARN_INT_CONVERSION = YES;
				CLANG_WARN_NON_LITERAL_NULL_CONVERSION = YES;
				CLANG_WARN_OBJC_IMPLICIT_RETAIN_SELF = YES;
				CLANG_WARN_OBJC_LITERAL_CONVERSION = YES;
				CLANG_WARN_OBJC_ROOT_CLASS = YES_ERROR;
				CLANG_WARN_QUOTED_INCLUDE_IN_FRAMEWORK_HEADER = YES;
				CLANG_WARN_RANGE_LOOP_ANALYSIS = YES;
				CLANG_WARN_STRICT_PROTOTYPES = YES;
				CLANG_WARN_SUSPICIOUS_MOVE = YES;
				CLANG_WARN_UNGUARDED_AVAILABILITY = YES_AGGRESSIVE;
				CLANG_WARN_UNREACHABLE_CODE = YES;
				CLANG_WARN__DUPLICATE_METHOD_MATCH = YES;
				COPY_PHASE_STRIP = NO;
				DEBUG_INFORMATION_FORMAT = "dwarf-with-dsym";
				ENABLE_NS_ASSERTIONS = NO;
				ENABLE_STRICT_OBJC_MSGSEND = YES;
				GCC_C_LANGUAGE_STANDARD = gnu11;
				GCC_NO_COMMON_BLOCKS = YES;
				GCC_WARN_64_TO_32_BIT_CONVERSION = YES;
				GCC_WARN_ABOUT_RETURN_TYPE = YES_ERROR;
				GCC_WARN_UNDECLARED_SELECTOR = YES;
				GCC_WARN_UNINITIALIZED_AUTOS = YES_AGGRESSIVE;
				GCC_WARN_UNUSED_FUNCTION = YES;
				GCC_WARN_UNUSED_VARIABLE = YES;
				IPHONEOS_DEPLOYMENT_TARGET = 16.4;
				MTL_ENABLE_DEBUG_INFO = NO;
				MTL_FAST_MATH = YES;
				SDKROOT = iphoneos;
				SWIFT_COMPILATION_MODE = wholemodule;
				SWIFT_OPTIMIZATION_LEVEL = "-O";
				VALIDATE_PRODUCT = YES;
			};
			name = Release;
		};
		5CCD7FF52A34D2A700CCE8D5 /* Debug */ = {
			isa = XCBuildConfiguration;
			buildSettings = {
				ASSETCATALOG_COMPILER_APPICON_NAME = AppIcon;
				ASSETCATALOG_COMPILER_GLOBAL_ACCENT_COLOR_NAME = AccentColor;
				CODE_SIGN_STYLE = Automatic;
				CURRENT_PROJECT_VERSION = 1;
				DEVELOPMENT_ASSET_PATHS = "\"BloodDonor/Preview Content\"";
				DEVELOPMENT_TEAM = 5H89K7C3MW;
				ENABLE_PREVIEWS = YES;
				GENERATE_INFOPLIST_FILE = YES;
				INFOPLIST_KEY_UIApplicationSceneManifest_Generation = YES;
				INFOPLIST_KEY_UIApplicationSupportsIndirectInputEvents = YES;
				INFOPLIST_KEY_UILaunchScreen_Generation = YES;
				INFOPLIST_KEY_UISupportedInterfaceOrientations_iPad = "UIInterfaceOrientationPortrait UIInterfaceOrientationPortraitUpsideDown UIInterfaceOrientationLandscapeLeft UIInterfaceOrientationLandscapeRight";
				INFOPLIST_KEY_UISupportedInterfaceOrientations_iPhone = "UIInterfaceOrientationPortrait UIInterfaceOrientationLandscapeLeft UIInterfaceOrientationLandscapeRight";
				LD_RUNPATH_SEARCH_PATHS = (
					"$(inherited)",
					"@executable_path/Frameworks",
				);
				MARKETING_VERSION = 1.0;
				PRODUCT_BUNDLE_IDENTIFIER = com.cettlerlukasz.BloodDonor;
				PRODUCT_NAME = "$(TARGET_NAME)";
				SWIFT_EMIT_LOC_STRINGS = YES;
				SWIFT_VERSION = 5.0;
				TARGETED_DEVICE_FAMILY = "1,2";
			};
			name = Debug;
		};
		5CCD7FF62A34D2A700CCE8D5 /* Release */ = {
			isa = XCBuildConfiguration;
			buildSettings = {
				ASSETCATALOG_COMPILER_APPICON_NAME = AppIcon;
				ASSETCATALOG_COMPILER_GLOBAL_ACCENT_COLOR_NAME = AccentColor;
				CODE_SIGN_STYLE = Automatic;
				CURRENT_PROJECT_VERSION = 1;
				DEVELOPMENT_ASSET_PATHS = "\"BloodDonor/Preview Content\"";
				DEVELOPMENT_TEAM = 5H89K7C3MW;
				ENABLE_PREVIEWS = YES;
				GENERATE_INFOPLIST_FILE = YES;
				INFOPLIST_KEY_UIApplicationSceneManifest_Generation = YES;
				INFOPLIST_KEY_UIApplicationSupportsIndirectInputEvents = YES;
				INFOPLIST_KEY_UILaunchScreen_Generation = YES;
				INFOPLIST_KEY_UISupportedInterfaceOrientations_iPad = "UIInterfaceOrientationPortrait UIInterfaceOrientationPortraitUpsideDown UIInterfaceOrientationLandscapeLeft UIInterfaceOrientationLandscapeRight";
				INFOPLIST_KEY_UISupportedInterfaceOrientations_iPhone = "UIInterfaceOrientationPortrait UIInterfaceOrientationLandscapeLeft UIInterfaceOrientationLandscapeRight";
				LD_RUNPATH_SEARCH_PATHS = (
					"$(inherited)",
					"@executable_path/Frameworks",
				);
				MARKETING_VERSION = 1.0;
				PRODUCT_BUNDLE_IDENTIFIER = com.cettlerlukasz.BloodDonor;
				PRODUCT_NAME = "$(TARGET_NAME)";
				SWIFT_EMIT_LOC_STRINGS = YES;
				SWIFT_VERSION = 5.0;
				TARGETED_DEVICE_FAMILY = "1,2";
			};
			name = Release;
		};
/* End XCBuildConfiguration section */

/* Begin XCConfigurationList section */
		5CCD7FE12A34D2A600CCE8D5 /* Build configuration list for PBXProject "BloodDonor" */ = {
			isa = XCConfigurationList;
			buildConfigurations = (
				5CCD7FF22A34D2A700CCE8D5 /* Debug */,
				5CCD7FF32A34D2A700CCE8D5 /* Release */,
			);
			defaultConfigurationIsVisible = 0;
			defaultConfigurationName = Release;
		};
		5CCD7FF42A34D2A700CCE8D5 /* Build configuration list for PBXNativeTarget "BloodDonor" */ = {
			isa = XCConfigurationList;
			buildConfigurations = (
				5CCD7FF52A34D2A700CCE8D5 /* Debug */,
				5CCD7FF62A34D2A700CCE8D5 /* Release */,
			);
			defaultConfigurationIsVisible = 0;
			defaultConfigurationName = Release;
		};
/* End XCConfigurationList section */

/* Begin XCRemoteSwiftPackageReference section */
		5CF610F72A37385F000E39A3 /* XCRemoteSwiftPackageReference "JWTDecode" */ = {
			isa = XCRemoteSwiftPackageReference;
			repositoryURL = "https://github.com/auth0/JWTDecode.swift";
			requirement = {
				kind = upToNextMajorVersion;
				minimumVersion = 3.0.0;
			};
		};
/* End XCRemoteSwiftPackageReference section */

/* Begin XCSwiftPackageProductDependency section */
		5CF610F82A37385F000E39A3 /* JWTDecode */ = {
			isa = XCSwiftPackageProductDependency;
			package = 5CF610F72A37385F000E39A3 /* XCRemoteSwiftPackageReference "JWTDecode" */;
			productName = JWTDecode;
		};
/* End XCSwiftPackageProductDependency section */
	};
	rootObject = 5CCD7FDE2A34D2A600CCE8D5 /* Project object */;
}
