// !$*UTF8*$!
{
	archiveVersion = 1;
	classes = {
	};
	objectVersion = 56;
	objects = {

/* Begin PBXBuildFile section */
		5C03B8FE2A27C0D400955672 /* Alamofire in Frameworks */ = {isa = PBXBuildFile; productRef = 5C03B8FD2A27C0D400955672 /* Alamofire */; };
		5C03B9002A27C41A00955672 /* AuthorizationInteractor.swift in Sources */ = {isa = PBXBuildFile; fileRef = 5C03B8FF2A27C41A00955672 /* AuthorizationInteractor.swift */; };
		5C03B9042A27C90A00955672 /* AuthService.swift in Sources */ = {isa = PBXBuildFile; fileRef = 5C03B9032A27C90A00955672 /* AuthService.swift */; };
		5C03B9062A27C93B00955672 /* AuthAPI.swift in Sources */ = {isa = PBXBuildFile; fileRef = 5C03B9052A27C93B00955672 /* AuthAPI.swift */; };
		5C03B9092A27CA9200955672 /* HttpRouter.swift in Sources */ = {isa = PBXBuildFile; fileRef = 5C03B9082A27CA9200955672 /* HttpRouter.swift */; };
		5C03B90B2A27CAA600955672 /* HttpService.swift in Sources */ = {isa = PBXBuildFile; fileRef = 5C03B90A2A27CAA600955672 /* HttpService.swift */; };
		5C03B90D2A27E95500955672 /* AuthHttpService.swift in Sources */ = {isa = PBXBuildFile; fileRef = 5C03B90C2A27E95500955672 /* AuthHttpService.swift */; };
		5C03B90F2A28B4B800955672 /* AuthHttpRouter.swift in Sources */ = {isa = PBXBuildFile; fileRef = 5C03B90E2A28B4B800955672 /* AuthHttpRouter.swift */; };
		5C03B9112A28B81C00955672 /* AuthModel.swift in Sources */ = {isa = PBXBuildFile; fileRef = 5C03B9102A28B81C00955672 /* AuthModel.swift */; };
		5C03B9132A28CC2700955672 /* RegisterErrorModel.swift in Sources */ = {isa = PBXBuildFile; fileRef = 5C03B9122A28CC2700955672 /* RegisterErrorModel.swift */; };
		5C03B91E2A28F97900955672 /* LoginError.swift in Sources */ = {isa = PBXBuildFile; fileRef = 5C03B91D2A28F97900955672 /* LoginError.swift */; };
		5C1C8C3F2A23DD6D004EE46E /* BloodDonorApp.swift in Sources */ = {isa = PBXBuildFile; fileRef = 5C1C8C3E2A23DD6D004EE46E /* BloodDonorApp.swift */; };
		5C1C8C432A23DD9E004EE46E /* ContentView.swift in Sources */ = {isa = PBXBuildFile; fileRef = 5C1C8C422A23DD9E004EE46E /* ContentView.swift */; };
		5C1C8C502A265337004EE46E /* HomeView.swift in Sources */ = {isa = PBXBuildFile; fileRef = 5C1C8C4F2A265337004EE46E /* HomeView.swift */; };
		5C1C8C522A265379004EE46E /* BloodCenterView.swift in Sources */ = {isa = PBXBuildFile; fileRef = 5C1C8C512A265379004EE46E /* BloodCenterView.swift */; };
		5C1C8C542A2653CD004EE46E /* ProfileView.swift in Sources */ = {isa = PBXBuildFile; fileRef = 5C1C8C532A2653CD004EE46E /* ProfileView.swift */; };
		5C1C8C572A265401004EE46E /* DonationView.swift in Sources */ = {isa = PBXBuildFile; fileRef = 5C1C8C562A265401004EE46E /* DonationView.swift */; };
		5C1C8C592A26543B004EE46E /* DonationListView.swift in Sources */ = {isa = PBXBuildFile; fileRef = 5C1C8C582A26543B004EE46E /* DonationListView.swift */; };
		5C1C8C5B2A265F97004EE46E /* ResetPasswordView.swift in Sources */ = {isa = PBXBuildFile; fileRef = 5C1C8C5A2A265F97004EE46E /* ResetPasswordView.swift */; };
		5C1C8C5D2A265FA1004EE46E /* RegisterView.swift in Sources */ = {isa = PBXBuildFile; fileRef = 5C1C8C5C2A265FA1004EE46E /* RegisterView.swift */; };
		5C1C8C5F2A266B7B004EE46E /* OnboardingView.swift in Sources */ = {isa = PBXBuildFile; fileRef = 5C1C8C5E2A266B7B004EE46E /* OnboardingView.swift */; };
		5C21FA2629D9B89400EE5B93 /* LoginView.swift in Sources */ = {isa = PBXBuildFile; fileRef = 5C21FA2529D9B89400EE5B93 /* LoginView.swift */; };
		5CD42FEA29A276B9007C4EF0 /* Assets.xcassets in Resources */ = {isa = PBXBuildFile; fileRef = 5CD42FE929A276B9007C4EF0 /* Assets.xcassets */; };
		5CD42FED29A276B9007C4EF0 /* LaunchScreen.storyboard in Resources */ = {isa = PBXBuildFile; fileRef = 5CD42FEB29A276B9007C4EF0 /* LaunchScreen.storyboard */; };
		5CD42FF829A276B9007C4EF0 /* BloodDonorTests.swift in Sources */ = {isa = PBXBuildFile; fileRef = 5CD42FF729A276B9007C4EF0 /* BloodDonorTests.swift */; };
		5CD4300229A276B9007C4EF0 /* BloodDonorUITests.swift in Sources */ = {isa = PBXBuildFile; fileRef = 5CD4300129A276B9007C4EF0 /* BloodDonorUITests.swift */; };
		5CD4300429A276B9007C4EF0 /* BloodDonorUITestsLaunchTests.swift in Sources */ = {isa = PBXBuildFile; fileRef = 5CD4300329A276B9007C4EF0 /* BloodDonorUITestsLaunchTests.swift */; };
/* End PBXBuildFile section */

/* Begin PBXContainerItemProxy section */
		5CD42FF429A276B9007C4EF0 /* PBXContainerItemProxy */ = {
			isa = PBXContainerItemProxy;
			containerPortal = 5CD42FD529A276B8007C4EF0 /* Project object */;
			proxyType = 1;
			remoteGlobalIDString = 5CD42FDC29A276B8007C4EF0;
			remoteInfo = BloodDonor;
		};
		5CD42FFE29A276B9007C4EF0 /* PBXContainerItemProxy */ = {
			isa = PBXContainerItemProxy;
			containerPortal = 5CD42FD529A276B8007C4EF0 /* Project object */;
			proxyType = 1;
			remoteGlobalIDString = 5CD42FDC29A276B8007C4EF0;
			remoteInfo = BloodDonor;
		};
/* End PBXContainerItemProxy section */

/* Begin PBXFileReference section */
		5C03B8FF2A27C41A00955672 /* AuthorizationInteractor.swift */ = {isa = PBXFileReference; lastKnownFileType = sourcecode.swift; path = AuthorizationInteractor.swift; sourceTree = "<group>"; };
		5C03B9032A27C90A00955672 /* AuthService.swift */ = {isa = PBXFileReference; lastKnownFileType = sourcecode.swift; path = AuthService.swift; sourceTree = "<group>"; };
		5C03B9052A27C93B00955672 /* AuthAPI.swift */ = {isa = PBXFileReference; lastKnownFileType = sourcecode.swift; path = AuthAPI.swift; sourceTree = "<group>"; };
		5C03B9082A27CA9200955672 /* HttpRouter.swift */ = {isa = PBXFileReference; lastKnownFileType = sourcecode.swift; path = HttpRouter.swift; sourceTree = "<group>"; };
		5C03B90A2A27CAA600955672 /* HttpService.swift */ = {isa = PBXFileReference; lastKnownFileType = sourcecode.swift; path = HttpService.swift; sourceTree = "<group>"; };
		5C03B90C2A27E95500955672 /* AuthHttpService.swift */ = {isa = PBXFileReference; lastKnownFileType = sourcecode.swift; path = AuthHttpService.swift; sourceTree = "<group>"; };
		5C03B90E2A28B4B800955672 /* AuthHttpRouter.swift */ = {isa = PBXFileReference; lastKnownFileType = sourcecode.swift; path = AuthHttpRouter.swift; sourceTree = "<group>"; };
		5C03B9102A28B81C00955672 /* AuthModel.swift */ = {isa = PBXFileReference; lastKnownFileType = sourcecode.swift; path = AuthModel.swift; sourceTree = "<group>"; };
		5C03B9122A28CC2700955672 /* RegisterErrorModel.swift */ = {isa = PBXFileReference; lastKnownFileType = sourcecode.swift; path = RegisterErrorModel.swift; sourceTree = "<group>"; };
		5C03B91D2A28F97900955672 /* LoginError.swift */ = {isa = PBXFileReference; lastKnownFileType = sourcecode.swift; path = LoginError.swift; sourceTree = "<group>"; };
		5C1C8C3E2A23DD6D004EE46E /* BloodDonorApp.swift */ = {isa = PBXFileReference; lastKnownFileType = sourcecode.swift; path = BloodDonorApp.swift; sourceTree = "<group>"; };
		5C1C8C422A23DD9E004EE46E /* ContentView.swift */ = {isa = PBXFileReference; lastKnownFileType = sourcecode.swift; path = ContentView.swift; sourceTree = "<group>"; };
		5C1C8C4F2A265337004EE46E /* HomeView.swift */ = {isa = PBXFileReference; lastKnownFileType = sourcecode.swift; path = HomeView.swift; sourceTree = "<group>"; };
		5C1C8C512A265379004EE46E /* BloodCenterView.swift */ = {isa = PBXFileReference; lastKnownFileType = sourcecode.swift; path = BloodCenterView.swift; sourceTree = "<group>"; };
		5C1C8C532A2653CD004EE46E /* ProfileView.swift */ = {isa = PBXFileReference; lastKnownFileType = sourcecode.swift; path = ProfileView.swift; sourceTree = "<group>"; };
		5C1C8C562A265401004EE46E /* DonationView.swift */ = {isa = PBXFileReference; lastKnownFileType = sourcecode.swift; path = DonationView.swift; sourceTree = "<group>"; };
		5C1C8C582A26543B004EE46E /* DonationListView.swift */ = {isa = PBXFileReference; lastKnownFileType = sourcecode.swift; path = DonationListView.swift; sourceTree = "<group>"; };
		5C1C8C5A2A265F97004EE46E /* ResetPasswordView.swift */ = {isa = PBXFileReference; lastKnownFileType = sourcecode.swift; path = ResetPasswordView.swift; sourceTree = "<group>"; };
		5C1C8C5C2A265FA1004EE46E /* RegisterView.swift */ = {isa = PBXFileReference; lastKnownFileType = sourcecode.swift; path = RegisterView.swift; sourceTree = "<group>"; };
		5C1C8C5E2A266B7B004EE46E /* OnboardingView.swift */ = {isa = PBXFileReference; lastKnownFileType = sourcecode.swift; path = OnboardingView.swift; sourceTree = "<group>"; };
		5C21FA2529D9B89400EE5B93 /* LoginView.swift */ = {isa = PBXFileReference; lastKnownFileType = sourcecode.swift; path = LoginView.swift; sourceTree = "<group>"; };
		5CD42FDD29A276B8007C4EF0 /* BloodDonor.app */ = {isa = PBXFileReference; explicitFileType = wrapper.application; includeInIndex = 0; path = BloodDonor.app; sourceTree = BUILT_PRODUCTS_DIR; };
		5CD42FE929A276B9007C4EF0 /* Assets.xcassets */ = {isa = PBXFileReference; lastKnownFileType = folder.assetcatalog; path = Assets.xcassets; sourceTree = "<group>"; };
		5CD42FEC29A276B9007C4EF0 /* Base */ = {isa = PBXFileReference; lastKnownFileType = file.storyboard; name = Base; path = Base.lproj/LaunchScreen.storyboard; sourceTree = "<group>"; };
		5CD42FEE29A276B9007C4EF0 /* Info.plist */ = {isa = PBXFileReference; lastKnownFileType = text.plist.xml; path = Info.plist; sourceTree = "<group>"; };
		5CD42FF329A276B9007C4EF0 /* BloodDonorTests.xctest */ = {isa = PBXFileReference; explicitFileType = wrapper.cfbundle; includeInIndex = 0; path = BloodDonorTests.xctest; sourceTree = BUILT_PRODUCTS_DIR; };
		5CD42FF729A276B9007C4EF0 /* BloodDonorTests.swift */ = {isa = PBXFileReference; lastKnownFileType = sourcecode.swift; path = BloodDonorTests.swift; sourceTree = "<group>"; };
		5CD42FFD29A276B9007C4EF0 /* BloodDonorUITests.xctest */ = {isa = PBXFileReference; explicitFileType = wrapper.cfbundle; includeInIndex = 0; path = BloodDonorUITests.xctest; sourceTree = BUILT_PRODUCTS_DIR; };
		5CD4300129A276B9007C4EF0 /* BloodDonorUITests.swift */ = {isa = PBXFileReference; lastKnownFileType = sourcecode.swift; path = BloodDonorUITests.swift; sourceTree = "<group>"; };
		5CD4300329A276B9007C4EF0 /* BloodDonorUITestsLaunchTests.swift */ = {isa = PBXFileReference; lastKnownFileType = sourcecode.swift; path = BloodDonorUITestsLaunchTests.swift; sourceTree = "<group>"; };
/* End PBXFileReference section */

/* Begin PBXFrameworksBuildPhase section */
		5CD42FDA29A276B8007C4EF0 /* Frameworks */ = {
			isa = PBXFrameworksBuildPhase;
			buildActionMask = 2147483647;
			files = (
				5C03B8FE2A27C0D400955672 /* Alamofire in Frameworks */,
			);
			runOnlyForDeploymentPostprocessing = 0;
		};
		5CD42FF029A276B9007C4EF0 /* Frameworks */ = {
			isa = PBXFrameworksBuildPhase;
			buildActionMask = 2147483647;
			files = (
			);
			runOnlyForDeploymentPostprocessing = 0;
		};
		5CD42FFA29A276B9007C4EF0 /* Frameworks */ = {
			isa = PBXFrameworksBuildPhase;
			buildActionMask = 2147483647;
			files = (
			);
			runOnlyForDeploymentPostprocessing = 0;
		};
/* End PBXFrameworksBuildPhase section */

/* Begin PBXGroup section */
		5C03B8F72A27BD8A00955672 /* Errors */ = {
			isa = PBXGroup;
			children = (
				5C03B9122A28CC2700955672 /* RegisterErrorModel.swift */,
				5C03B91D2A28F97900955672 /* LoginError.swift */,
			);
			path = Errors;
			sourceTree = "<group>";
		};
		5C03B9072A27CA7B00955672 /* HTTP */ = {
			isa = PBXGroup;
			children = (
				5C03B9082A27CA9200955672 /* HttpRouter.swift */,
				5C03B90A2A27CAA600955672 /* HttpService.swift */,
				5C03B90C2A27E95500955672 /* AuthHttpService.swift */,
				5C03B90E2A28B4B800955672 /* AuthHttpRouter.swift */,
			);
			path = HTTP;
			sourceTree = "<group>";
		};
		5C03B91C2A28F2E500955672 /* Views */ = {
			isa = PBXGroup;
			children = (
				5C21FA2529D9B89400EE5B93 /* LoginView.swift */,
				5C1C8C5C2A265FA1004EE46E /* RegisterView.swift */,
				5C1C8C5A2A265F97004EE46E /* ResetPasswordView.swift */,
			);
			path = Views;
			sourceTree = "<group>";
		};
		5C1C8C4E2A265310004EE46E /* BloodCenter */ = {
			isa = PBXGroup;
			children = (
				5C1C8C512A265379004EE46E /* BloodCenterView.swift */,
			);
			path = BloodCenter;
			sourceTree = "<group>";
		};
		5C1C8C552A2653EF004EE46E /* DonationList */ = {
			isa = PBXGroup;
			children = (
				5C1C8C582A26543B004EE46E /* DonationListView.swift */,
			);
			path = DonationList;
			sourceTree = "<group>";
		};
		5C1EF8A82A16D61A00F5771E /* Modules */ = {
			isa = PBXGroup;
			children = (
				5C1EF8AE2A16D6F800F5771E /* Login */,
				5C1EF8AD2A16D6EF00F5771E /* Onboarding */,
				5C1EF8A92A16D62300F5771E /* Home */,
				5C1EF8AA2A16D62A00F5771E /* Profile */,
				5C1EF8AC2A16D65F00F5771E /* Donation */,
				5C1C8C552A2653EF004EE46E /* DonationList */,
				5C1C8C4E2A265310004EE46E /* BloodCenter */,
			);
			path = Modules;
			sourceTree = "<group>";
		};
		5C1EF8A92A16D62300F5771E /* Home */ = {
			isa = PBXGroup;
			children = (
				5C1C8C4F2A265337004EE46E /* HomeView.swift */,
			);
			path = Home;
			sourceTree = "<group>";
		};
		5C1EF8AA2A16D62A00F5771E /* Profile */ = {
			isa = PBXGroup;
			children = (
				5C1C8C532A2653CD004EE46E /* ProfileView.swift */,
			);
			path = Profile;
			sourceTree = "<group>";
		};
		5C1EF8AC2A16D65F00F5771E /* Donation */ = {
			isa = PBXGroup;
			children = (
				5C1C8C562A265401004EE46E /* DonationView.swift */,
			);
			path = Donation;
			sourceTree = "<group>";
		};
		5C1EF8AD2A16D6EF00F5771E /* Onboarding */ = {
			isa = PBXGroup;
			children = (
				5C1C8C5E2A266B7B004EE46E /* OnboardingView.swift */,
			);
			path = Onboarding;
			sourceTree = "<group>";
		};
		5C1EF8AE2A16D6F800F5771E /* Login */ = {
			isa = PBXGroup;
			children = (
				5C03B91C2A28F2E500955672 /* Views */,
				5C03B9072A27CA7B00955672 /* HTTP */,
				5C03B8F72A27BD8A00955672 /* Errors */,
				5C03B8FF2A27C41A00955672 /* AuthorizationInteractor.swift */,
				5C03B9032A27C90A00955672 /* AuthService.swift */,
				5C03B9052A27C93B00955672 /* AuthAPI.swift */,
				5C03B9102A28B81C00955672 /* AuthModel.swift */,
			);
			path = Login;
			sourceTree = "<group>";
		};
		5CD42FD429A276B8007C4EF0 = {
			isa = PBXGroup;
			children = (
				5CD42FDF29A276B8007C4EF0 /* BloodDonor */,
				5CD42FF629A276B9007C4EF0 /* BloodDonorTests */,
				5CD4300029A276B9007C4EF0 /* BloodDonorUITests */,
				5CD42FDE29A276B8007C4EF0 /* Products */,
			);
			sourceTree = "<group>";
		};
		5CD42FDE29A276B8007C4EF0 /* Products */ = {
			isa = PBXGroup;
			children = (
				5CD42FDD29A276B8007C4EF0 /* BloodDonor.app */,
				5CD42FF329A276B9007C4EF0 /* BloodDonorTests.xctest */,
				5CD42FFD29A276B9007C4EF0 /* BloodDonorUITests.xctest */,
			);
			name = Products;
			sourceTree = "<group>";
		};
		5CD42FDF29A276B8007C4EF0 /* BloodDonor */ = {
			isa = PBXGroup;
			children = (
				5C1C8C3E2A23DD6D004EE46E /* BloodDonorApp.swift */,
				5C1C8C422A23DD9E004EE46E /* ContentView.swift */,
				5C1EF8A82A16D61A00F5771E /* Modules */,
				5CD42FEE29A276B9007C4EF0 /* Info.plist */,
				5CD4301029A2AF0E007C4EF0 /* Files */,
			);
			path = BloodDonor;
			sourceTree = "<group>";
		};
		5CD42FF629A276B9007C4EF0 /* BloodDonorTests */ = {
			isa = PBXGroup;
			children = (
				5CD42FF729A276B9007C4EF0 /* BloodDonorTests.swift */,
			);
			path = BloodDonorTests;
			sourceTree = "<group>";
		};
		5CD4300029A276B9007C4EF0 /* BloodDonorUITests */ = {
			isa = PBXGroup;
			children = (
				5CD4300129A276B9007C4EF0 /* BloodDonorUITests.swift */,
				5CD4300329A276B9007C4EF0 /* BloodDonorUITestsLaunchTests.swift */,
			);
			path = BloodDonorUITests;
			sourceTree = "<group>";
		};
		5CD4301029A2AF0E007C4EF0 /* Files */ = {
			isa = PBXGroup;
			children = (
				5CD42FE929A276B9007C4EF0 /* Assets.xcassets */,
				5CD42FEB29A276B9007C4EF0 /* LaunchScreen.storyboard */,
			);
			path = Files;
			sourceTree = "<group>";
		};
/* End PBXGroup section */

/* Begin PBXNativeTarget section */
		5CD42FDC29A276B8007C4EF0 /* BloodDonor */ = {
			isa = PBXNativeTarget;
			buildConfigurationList = 5CD4300729A276B9007C4EF0 /* Build configuration list for PBXNativeTarget "BloodDonor" */;
			buildPhases = (
				5CD42FD929A276B8007C4EF0 /* Sources */,
				5CD42FDA29A276B8007C4EF0 /* Frameworks */,
				5CD42FDB29A276B8007C4EF0 /* Resources */,
			);
			buildRules = (
			);
			dependencies = (
			);
			name = BloodDonor;
			packageProductDependencies = (
				5C03B8FD2A27C0D400955672 /* Alamofire */,
			);
			productName = BloodDonor;
			productReference = 5CD42FDD29A276B8007C4EF0 /* BloodDonor.app */;
			productType = "com.apple.product-type.application";
		};
		5CD42FF229A276B9007C4EF0 /* BloodDonorTests */ = {
			isa = PBXNativeTarget;
			buildConfigurationList = 5CD4300A29A276B9007C4EF0 /* Build configuration list for PBXNativeTarget "BloodDonorTests" */;
			buildPhases = (
				5CD42FEF29A276B9007C4EF0 /* Sources */,
				5CD42FF029A276B9007C4EF0 /* Frameworks */,
				5CD42FF129A276B9007C4EF0 /* Resources */,
			);
			buildRules = (
			);
			dependencies = (
				5CD42FF529A276B9007C4EF0 /* PBXTargetDependency */,
			);
			name = BloodDonorTests;
			productName = BloodDonorTests;
			productReference = 5CD42FF329A276B9007C4EF0 /* BloodDonorTests.xctest */;
			productType = "com.apple.product-type.bundle.unit-test";
		};
		5CD42FFC29A276B9007C4EF0 /* BloodDonorUITests */ = {
			isa = PBXNativeTarget;
			buildConfigurationList = 5CD4300D29A276B9007C4EF0 /* Build configuration list for PBXNativeTarget "BloodDonorUITests" */;
			buildPhases = (
				5CD42FF929A276B9007C4EF0 /* Sources */,
				5CD42FFA29A276B9007C4EF0 /* Frameworks */,
				5CD42FFB29A276B9007C4EF0 /* Resources */,
			);
			buildRules = (
			);
			dependencies = (
				5CD42FFF29A276B9007C4EF0 /* PBXTargetDependency */,
			);
			name = BloodDonorUITests;
			productName = BloodDonorUITests;
			productReference = 5CD42FFD29A276B9007C4EF0 /* BloodDonorUITests.xctest */;
			productType = "com.apple.product-type.bundle.ui-testing";
		};
/* End PBXNativeTarget section */

/* Begin PBXProject section */
		5CD42FD529A276B8007C4EF0 /* Project object */ = {
			isa = PBXProject;
			attributes = {
				BuildIndependentTargetsInParallel = 1;
				LastSwiftUpdateCheck = 1420;
				LastUpgradeCheck = 1420;
				TargetAttributes = {
					5CD42FDC29A276B8007C4EF0 = {
						CreatedOnToolsVersion = 14.2;
					};
					5CD42FF229A276B9007C4EF0 = {
						CreatedOnToolsVersion = 14.2;
						TestTargetID = 5CD42FDC29A276B8007C4EF0;
					};
					5CD42FFC29A276B9007C4EF0 = {
						CreatedOnToolsVersion = 14.2;
						TestTargetID = 5CD42FDC29A276B8007C4EF0;
					};
				};
			};
			buildConfigurationList = 5CD42FD829A276B8007C4EF0 /* Build configuration list for PBXProject "BloodDonor" */;
			compatibilityVersion = "Xcode 14.0";
			developmentRegion = en;
			hasScannedForEncodings = 0;
			knownRegions = (
				en,
				Base,
			);
			mainGroup = 5CD42FD429A276B8007C4EF0;
			packageReferences = (
				5C03B8FC2A27C0D400955672 /* XCRemoteSwiftPackageReference "Alamofire" */,
			);
			productRefGroup = 5CD42FDE29A276B8007C4EF0 /* Products */;
			projectDirPath = "";
			projectRoot = "";
			targets = (
				5CD42FDC29A276B8007C4EF0 /* BloodDonor */,
				5CD42FF229A276B9007C4EF0 /* BloodDonorTests */,
				5CD42FFC29A276B9007C4EF0 /* BloodDonorUITests */,
			);
		};
/* End PBXProject section */

/* Begin PBXResourcesBuildPhase section */
		5CD42FDB29A276B8007C4EF0 /* Resources */ = {
			isa = PBXResourcesBuildPhase;
			buildActionMask = 2147483647;
			files = (
				5CD42FED29A276B9007C4EF0 /* LaunchScreen.storyboard in Resources */,
				5CD42FEA29A276B9007C4EF0 /* Assets.xcassets in Resources */,
			);
			runOnlyForDeploymentPostprocessing = 0;
		};
		5CD42FF129A276B9007C4EF0 /* Resources */ = {
			isa = PBXResourcesBuildPhase;
			buildActionMask = 2147483647;
			files = (
			);
			runOnlyForDeploymentPostprocessing = 0;
		};
		5CD42FFB29A276B9007C4EF0 /* Resources */ = {
			isa = PBXResourcesBuildPhase;
			buildActionMask = 2147483647;
			files = (
			);
			runOnlyForDeploymentPostprocessing = 0;
		};
/* End PBXResourcesBuildPhase section */

/* Begin PBXSourcesBuildPhase section */
		5CD42FD929A276B8007C4EF0 /* Sources */ = {
			isa = PBXSourcesBuildPhase;
			buildActionMask = 2147483647;
			files = (
				5C1C8C522A265379004EE46E /* BloodCenterView.swift in Sources */,
				5C1C8C5D2A265FA1004EE46E /* RegisterView.swift in Sources */,
				5C03B9092A27CA9200955672 /* HttpRouter.swift in Sources */,
				5C21FA2629D9B89400EE5B93 /* LoginView.swift in Sources */,
				5C03B9062A27C93B00955672 /* AuthAPI.swift in Sources */,
				5C1C8C502A265337004EE46E /* HomeView.swift in Sources */,
				5C1C8C5B2A265F97004EE46E /* ResetPasswordView.swift in Sources */,
				5C1C8C432A23DD9E004EE46E /* ContentView.swift in Sources */,
				5C03B90F2A28B4B800955672 /* AuthHttpRouter.swift in Sources */,
				5C1C8C592A26543B004EE46E /* DonationListView.swift in Sources */,
				5C03B9002A27C41A00955672 /* AuthorizationInteractor.swift in Sources */,
				5C03B90B2A27CAA600955672 /* HttpService.swift in Sources */,
				5C1C8C542A2653CD004EE46E /* ProfileView.swift in Sources */,
				5C1C8C572A265401004EE46E /* DonationView.swift in Sources */,
				5C03B90D2A27E95500955672 /* AuthHttpService.swift in Sources */,
				5C03B9132A28CC2700955672 /* RegisterErrorModel.swift in Sources */,
				5C1C8C3F2A23DD6D004EE46E /* BloodDonorApp.swift in Sources */,
				5C1C8C5F2A266B7B004EE46E /* OnboardingView.swift in Sources */,
				5C03B9042A27C90A00955672 /* AuthService.swift in Sources */,
				5C03B9112A28B81C00955672 /* AuthModel.swift in Sources */,
				5C03B91E2A28F97900955672 /* LoginError.swift in Sources */,
			);
			runOnlyForDeploymentPostprocessing = 0;
		};
		5CD42FEF29A276B9007C4EF0 /* Sources */ = {
			isa = PBXSourcesBuildPhase;
			buildActionMask = 2147483647;
			files = (
				5CD42FF829A276B9007C4EF0 /* BloodDonorTests.swift in Sources */,
			);
			runOnlyForDeploymentPostprocessing = 0;
		};
		5CD42FF929A276B9007C4EF0 /* Sources */ = {
			isa = PBXSourcesBuildPhase;
			buildActionMask = 2147483647;
			files = (
				5CD4300429A276B9007C4EF0 /* BloodDonorUITestsLaunchTests.swift in Sources */,
				5CD4300229A276B9007C4EF0 /* BloodDonorUITests.swift in Sources */,
			);
			runOnlyForDeploymentPostprocessing = 0;
		};
/* End PBXSourcesBuildPhase section */

/* Begin PBXTargetDependency section */
		5CD42FF529A276B9007C4EF0 /* PBXTargetDependency */ = {
			isa = PBXTargetDependency;
			target = 5CD42FDC29A276B8007C4EF0 /* BloodDonor */;
			targetProxy = 5CD42FF429A276B9007C4EF0 /* PBXContainerItemProxy */;
		};
		5CD42FFF29A276B9007C4EF0 /* PBXTargetDependency */ = {
			isa = PBXTargetDependency;
			target = 5CD42FDC29A276B8007C4EF0 /* BloodDonor */;
			targetProxy = 5CD42FFE29A276B9007C4EF0 /* PBXContainerItemProxy */;
		};
/* End PBXTargetDependency section */

/* Begin PBXVariantGroup section */
		5CD42FEB29A276B9007C4EF0 /* LaunchScreen.storyboard */ = {
			isa = PBXVariantGroup;
			children = (
				5CD42FEC29A276B9007C4EF0 /* Base */,
			);
			name = LaunchScreen.storyboard;
			sourceTree = "<group>";
		};
/* End PBXVariantGroup section */

/* Begin XCBuildConfiguration section */
		5CD4300529A276B9007C4EF0 /* Debug */ = {
			isa = XCBuildConfiguration;
			buildSettings = {
				ALWAYS_SEARCH_USER_PATHS = NO;
				CLANG_ANALYZER_NONNULL = YES;
				CLANG_ANALYZER_NUMBER_OBJECT_CONVERSION = YES_AGGRESSIVE;
				CLANG_CXX_LANGUAGE_STANDARD = "gnu++20";
				CLANG_ENABLE_MODULES = YES;
				CLANG_ENABLE_OBJC_ARC = YES;
				CLANG_ENABLE_OBJC_WEAK = YES;
				CLANG_WARN_BLOCK_CAPTURE_AUTORELEASING = YES;
				CLANG_WARN_BOOL_CONVERSION = YES;
				CLANG_WARN_COMMA = YES;
				CLANG_WARN_CONSTANT_CONVERSION = YES;
				CLANG_WARN_DEPRECATED_OBJC_IMPLEMENTATIONS = YES;
				CLANG_WARN_DIRECT_OBJC_ISA_USAGE = YES_ERROR;
				CLANG_WARN_DOCUMENTATION_COMMENTS = YES;
				CLANG_WARN_EMPTY_BODY = YES;
				CLANG_WARN_ENUM_CONVERSION = YES;
				CLANG_WARN_INFINITE_RECURSION = YES;
				CLANG_WARN_INT_CONVERSION = YES;
				CLANG_WARN_NON_LITERAL_NULL_CONVERSION = YES;
				CLANG_WARN_OBJC_IMPLICIT_RETAIN_SELF = YES;
				CLANG_WARN_OBJC_LITERAL_CONVERSION = YES;
				CLANG_WARN_OBJC_ROOT_CLASS = YES_ERROR;
				CLANG_WARN_QUOTED_INCLUDE_IN_FRAMEWORK_HEADER = YES;
				CLANG_WARN_RANGE_LOOP_ANALYSIS = YES;
				CLANG_WARN_STRICT_PROTOTYPES = YES;
				CLANG_WARN_SUSPICIOUS_MOVE = YES;
				CLANG_WARN_UNGUARDED_AVAILABILITY = YES_AGGRESSIVE;
				CLANG_WARN_UNREACHABLE_CODE = YES;
				CLANG_WARN__DUPLICATE_METHOD_MATCH = YES;
				COPY_PHASE_STRIP = NO;
				DEBUG_INFORMATION_FORMAT = dwarf;
				ENABLE_STRICT_OBJC_MSGSEND = YES;
				ENABLE_TESTABILITY = YES;
				GCC_C_LANGUAGE_STANDARD = gnu11;
				GCC_DYNAMIC_NO_PIC = NO;
				GCC_NO_COMMON_BLOCKS = YES;
				GCC_OPTIMIZATION_LEVEL = 0;
				GCC_PREPROCESSOR_DEFINITIONS = (
					"DEBUG=1",
					"$(inherited)",
				);
				GCC_WARN_64_TO_32_BIT_CONVERSION = YES;
				GCC_WARN_ABOUT_RETURN_TYPE = YES_ERROR;
				GCC_WARN_UNDECLARED_SELECTOR = YES;
				GCC_WARN_UNINITIALIZED_AUTOS = YES_AGGRESSIVE;
				GCC_WARN_UNUSED_FUNCTION = YES;
				GCC_WARN_UNUSED_VARIABLE = YES;
				IPHONEOS_DEPLOYMENT_TARGET = 16.2;
				MTL_ENABLE_DEBUG_INFO = INCLUDE_SOURCE;
				MTL_FAST_MATH = YES;
				ONLY_ACTIVE_ARCH = YES;
				SDKROOT = iphoneos;
				SWIFT_ACTIVE_COMPILATION_CONDITIONS = DEBUG;
				SWIFT_OPTIMIZATION_LEVEL = "-Onone";
			};
			name = Debug;
		};
		5CD4300629A276B9007C4EF0 /* Release */ = {
			isa = XCBuildConfiguration;
			buildSettings = {
				ALWAYS_SEARCH_USER_PATHS = NO;
				CLANG_ANALYZER_NONNULL = YES;
				CLANG_ANALYZER_NUMBER_OBJECT_CONVERSION = YES_AGGRESSIVE;
				CLANG_CXX_LANGUAGE_STANDARD = "gnu++20";
				CLANG_ENABLE_MODULES = YES;
				CLANG_ENABLE_OBJC_ARC = YES;
				CLANG_ENABLE_OBJC_WEAK = YES;
				CLANG_WARN_BLOCK_CAPTURE_AUTORELEASING = YES;
				CLANG_WARN_BOOL_CONVERSION = YES;
				CLANG_WARN_COMMA = YES;
				CLANG_WARN_CONSTANT_CONVERSION = YES;
				CLANG_WARN_DEPRECATED_OBJC_IMPLEMENTATIONS = YES;
				CLANG_WARN_DIRECT_OBJC_ISA_USAGE = YES_ERROR;
				CLANG_WARN_DOCUMENTATION_COMMENTS = YES;
				CLANG_WARN_EMPTY_BODY = YES;
				CLANG_WARN_ENUM_CONVERSION = YES;
				CLANG_WARN_INFINITE_RECURSION = YES;
				CLANG_WARN_INT_CONVERSION = YES;
				CLANG_WARN_NON_LITERAL_NULL_CONVERSION = YES;
				CLANG_WARN_OBJC_IMPLICIT_RETAIN_SELF = YES;
				CLANG_WARN_OBJC_LITERAL_CONVERSION = YES;
				CLANG_WARN_OBJC_ROOT_CLASS = YES_ERROR;
				CLANG_WARN_QUOTED_INCLUDE_IN_FRAMEWORK_HEADER = YES;
				CLANG_WARN_RANGE_LOOP_ANALYSIS = YES;
				CLANG_WARN_STRICT_PROTOTYPES = YES;
				CLANG_WARN_SUSPICIOUS_MOVE = YES;
				CLANG_WARN_UNGUARDED_AVAILABILITY = YES_AGGRESSIVE;
				CLANG_WARN_UNREACHABLE_CODE = YES;
				CLANG_WARN__DUPLICATE_METHOD_MATCH = YES;
				COPY_PHASE_STRIP = NO;
				DEBUG_INFORMATION_FORMAT = "dwarf-with-dsym";
				ENABLE_NS_ASSERTIONS = NO;
				ENABLE_STRICT_OBJC_MSGSEND = YES;
				GCC_C_LANGUAGE_STANDARD = gnu11;
				GCC_NO_COMMON_BLOCKS = YES;
				GCC_WARN_64_TO_32_BIT_CONVERSION = YES;
				GCC_WARN_ABOUT_RETURN_TYPE = YES_ERROR;
				GCC_WARN_UNDECLARED_SELECTOR = YES;
				GCC_WARN_UNINITIALIZED_AUTOS = YES_AGGRESSIVE;
				GCC_WARN_UNUSED_FUNCTION = YES;
				GCC_WARN_UNUSED_VARIABLE = YES;
				IPHONEOS_DEPLOYMENT_TARGET = 16.2;
				MTL_ENABLE_DEBUG_INFO = NO;
				MTL_FAST_MATH = YES;
				SDKROOT = iphoneos;
				SWIFT_COMPILATION_MODE = wholemodule;
				SWIFT_OPTIMIZATION_LEVEL = "-O";
				VALIDATE_PRODUCT = YES;
			};
			name = Release;
		};
		5CD4300829A276B9007C4EF0 /* Debug */ = {
			isa = XCBuildConfiguration;
			buildSettings = {
				ASSETCATALOG_COMPILER_APPICON_NAME = AppIcon;
				ASSETCATALOG_COMPILER_GLOBAL_ACCENT_COLOR_NAME = AccentColor;
				CODE_SIGN_STYLE = Automatic;
				CURRENT_PROJECT_VERSION = 1;
				DEVELOPMENT_TEAM = 5H89K7C3MW;
				GENERATE_INFOPLIST_FILE = YES;
				INFOPLIST_FILE = BloodDonor/Info.plist;
				INFOPLIST_KEY_UIApplicationSupportsIndirectInputEvents = YES;
				INFOPLIST_KEY_UILaunchStoryboardName = LaunchScreen;
				INFOPLIST_KEY_UISupportedInterfaceOrientations_iPad = "UIInterfaceOrientationPortrait UIInterfaceOrientationPortraitUpsideDown UIInterfaceOrientationLandscapeLeft UIInterfaceOrientationLandscapeRight";
				INFOPLIST_KEY_UISupportedInterfaceOrientations_iPhone = "UIInterfaceOrientationPortrait UIInterfaceOrientationLandscapeLeft UIInterfaceOrientationLandscapeRight";
				IPHONEOS_DEPLOYMENT_TARGET = 15.0;
				LD_RUNPATH_SEARCH_PATHS = (
					"$(inherited)",
					"@executable_path/Frameworks",
				);
				MARKETING_VERSION = 1.0;
				PRODUCT_BUNDLE_IDENTIFIER = pl.edu.pjwstk.GoodWillNinjas.BloodDonor;
				PRODUCT_NAME = "$(TARGET_NAME)";
				SWIFT_EMIT_LOC_STRINGS = YES;
				SWIFT_VERSION = 5.0;
				TARGETED_DEVICE_FAMILY = "1,2";
			};
			name = Debug;
		};
		5CD4300929A276B9007C4EF0 /* Release */ = {
			isa = XCBuildConfiguration;
			buildSettings = {
				ASSETCATALOG_COMPILER_APPICON_NAME = AppIcon;
				ASSETCATALOG_COMPILER_GLOBAL_ACCENT_COLOR_NAME = AccentColor;
				CODE_SIGN_STYLE = Automatic;
				CURRENT_PROJECT_VERSION = 1;
				DEVELOPMENT_TEAM = 5H89K7C3MW;
				GENERATE_INFOPLIST_FILE = YES;
				INFOPLIST_FILE = BloodDonor/Info.plist;
				INFOPLIST_KEY_UIApplicationSupportsIndirectInputEvents = YES;
				INFOPLIST_KEY_UILaunchStoryboardName = LaunchScreen;
				INFOPLIST_KEY_UISupportedInterfaceOrientations_iPad = "UIInterfaceOrientationPortrait UIInterfaceOrientationPortraitUpsideDown UIInterfaceOrientationLandscapeLeft UIInterfaceOrientationLandscapeRight";
				INFOPLIST_KEY_UISupportedInterfaceOrientations_iPhone = "UIInterfaceOrientationPortrait UIInterfaceOrientationLandscapeLeft UIInterfaceOrientationLandscapeRight";
				IPHONEOS_DEPLOYMENT_TARGET = 15.0;
				LD_RUNPATH_SEARCH_PATHS = (
					"$(inherited)",
					"@executable_path/Frameworks",
				);
				MARKETING_VERSION = 1.0;
				PRODUCT_BUNDLE_IDENTIFIER = pl.edu.pjwstk.GoodWillNinjas.BloodDonor;
				PRODUCT_NAME = "$(TARGET_NAME)";
				SWIFT_EMIT_LOC_STRINGS = YES;
				SWIFT_VERSION = 5.0;
				TARGETED_DEVICE_FAMILY = "1,2";
			};
			name = Release;
		};
		5CD4300B29A276B9007C4EF0 /* Debug */ = {
			isa = XCBuildConfiguration;
			buildSettings = {
				ALWAYS_EMBED_SWIFT_STANDARD_LIBRARIES = YES;
				BUNDLE_LOADER = "$(TEST_HOST)";
				CODE_SIGN_STYLE = Automatic;
				CURRENT_PROJECT_VERSION = 1;
				DEVELOPMENT_TEAM = 5H89K7C3MW;
				GENERATE_INFOPLIST_FILE = YES;
				IPHONEOS_DEPLOYMENT_TARGET = 16.2;
				MARKETING_VERSION = 1.0;
				PRODUCT_BUNDLE_IDENTIFIER = pl.edu.pjwstk.GoodWillNinjas.BloodDonorTests;
				PRODUCT_NAME = "$(TARGET_NAME)";
				SWIFT_EMIT_LOC_STRINGS = NO;
				SWIFT_VERSION = 5.0;
				TARGETED_DEVICE_FAMILY = "1,2";
				TEST_HOST = "$(BUILT_PRODUCTS_DIR)/BloodDonor.app/$(BUNDLE_EXECUTABLE_FOLDER_PATH)/BloodDonor";
			};
			name = Debug;
		};
		5CD4300C29A276B9007C4EF0 /* Release */ = {
			isa = XCBuildConfiguration;
			buildSettings = {
				ALWAYS_EMBED_SWIFT_STANDARD_LIBRARIES = YES;
				BUNDLE_LOADER = "$(TEST_HOST)";
				CODE_SIGN_STYLE = Automatic;
				CURRENT_PROJECT_VERSION = 1;
				DEVELOPMENT_TEAM = 5H89K7C3MW;
				GENERATE_INFOPLIST_FILE = YES;
				IPHONEOS_DEPLOYMENT_TARGET = 16.2;
				MARKETING_VERSION = 1.0;
				PRODUCT_BUNDLE_IDENTIFIER = pl.edu.pjwstk.GoodWillNinjas.BloodDonorTests;
				PRODUCT_NAME = "$(TARGET_NAME)";
				SWIFT_EMIT_LOC_STRINGS = NO;
				SWIFT_VERSION = 5.0;
				TARGETED_DEVICE_FAMILY = "1,2";
				TEST_HOST = "$(BUILT_PRODUCTS_DIR)/BloodDonor.app/$(BUNDLE_EXECUTABLE_FOLDER_PATH)/BloodDonor";
			};
			name = Release;
		};
		5CD4300E29A276B9007C4EF0 /* Debug */ = {
			isa = XCBuildConfiguration;
			buildSettings = {
				ALWAYS_EMBED_SWIFT_STANDARD_LIBRARIES = YES;
				CODE_SIGN_STYLE = Automatic;
				CURRENT_PROJECT_VERSION = 1;
				DEVELOPMENT_TEAM = 5H89K7C3MW;
				GENERATE_INFOPLIST_FILE = YES;
				MARKETING_VERSION = 1.0;
				PRODUCT_BUNDLE_IDENTIFIER = pl.edu.pjwstk.GoodWillNinjas.BloodDonorUITests;
				PRODUCT_NAME = "$(TARGET_NAME)";
				SWIFT_EMIT_LOC_STRINGS = NO;
				SWIFT_VERSION = 5.0;
				TARGETED_DEVICE_FAMILY = "1,2";
				TEST_TARGET_NAME = BloodDonor;
			};
			name = Debug;
		};
		5CD4300F29A276B9007C4EF0 /* Release */ = {
			isa = XCBuildConfiguration;
			buildSettings = {
				ALWAYS_EMBED_SWIFT_STANDARD_LIBRARIES = YES;
				CODE_SIGN_STYLE = Automatic;
				CURRENT_PROJECT_VERSION = 1;
				DEVELOPMENT_TEAM = 5H89K7C3MW;
				GENERATE_INFOPLIST_FILE = YES;
				MARKETING_VERSION = 1.0;
				PRODUCT_BUNDLE_IDENTIFIER = pl.edu.pjwstk.GoodWillNinjas.BloodDonorUITests;
				PRODUCT_NAME = "$(TARGET_NAME)";
				SWIFT_EMIT_LOC_STRINGS = NO;
				SWIFT_VERSION = 5.0;
				TARGETED_DEVICE_FAMILY = "1,2";
				TEST_TARGET_NAME = BloodDonor;
			};
			name = Release;
		};
/* End XCBuildConfiguration section */

/* Begin XCConfigurationList section */
		5CD42FD829A276B8007C4EF0 /* Build configuration list for PBXProject "BloodDonor" */ = {
			isa = XCConfigurationList;
			buildConfigurations = (
				5CD4300529A276B9007C4EF0 /* Debug */,
				5CD4300629A276B9007C4EF0 /* Release */,
			);
			defaultConfigurationIsVisible = 0;
			defaultConfigurationName = Release;
		};
		5CD4300729A276B9007C4EF0 /* Build configuration list for PBXNativeTarget "BloodDonor" */ = {
			isa = XCConfigurationList;
			buildConfigurations = (
				5CD4300829A276B9007C4EF0 /* Debug */,
				5CD4300929A276B9007C4EF0 /* Release */,
			);
			defaultConfigurationIsVisible = 0;
			defaultConfigurationName = Release;
		};
		5CD4300A29A276B9007C4EF0 /* Build configuration list for PBXNativeTarget "BloodDonorTests" */ = {
			isa = XCConfigurationList;
			buildConfigurations = (
				5CD4300B29A276B9007C4EF0 /* Debug */,
				5CD4300C29A276B9007C4EF0 /* Release */,
			);
			defaultConfigurationIsVisible = 0;
			defaultConfigurationName = Release;
		};
		5CD4300D29A276B9007C4EF0 /* Build configuration list for PBXNativeTarget "BloodDonorUITests" */ = {
			isa = XCConfigurationList;
			buildConfigurations = (
				5CD4300E29A276B9007C4EF0 /* Debug */,
				5CD4300F29A276B9007C4EF0 /* Release */,
			);
			defaultConfigurationIsVisible = 0;
			defaultConfigurationName = Release;
		};
/* End XCConfigurationList section */

/* Begin XCRemoteSwiftPackageReference section */
		5C03B8FC2A27C0D400955672 /* XCRemoteSwiftPackageReference "Alamofire" */ = {
			isa = XCRemoteSwiftPackageReference;
			repositoryURL = "https://github.com/Alamofire/Alamofire";
			requirement = {
				kind = upToNextMajorVersion;
				minimumVersion = 5.0.0;
			};
		};
/* End XCRemoteSwiftPackageReference section */

/* Begin XCSwiftPackageProductDependency section */
		5C03B8FD2A27C0D400955672 /* Alamofire */ = {
			isa = XCSwiftPackageProductDependency;
			package = 5C03B8FC2A27C0D400955672 /* XCRemoteSwiftPackageReference "Alamofire" */;
			productName = Alamofire;
		};
/* End XCSwiftPackageProductDependency section */
	};
	rootObject = 5CD42FD529A276B8007C4EF0 /* Project object */;
}
